// !$*UTF8*$!
{
	archiveVersion = 1;
	classes = {
	};
	objectVersion = 46;
	objects = {

/* Begin PBXBuildFile section */
		5B635C501D011C98002FE3B6 /* Arya.png in Resources */ = {isa = PBXBuildFile; fileRef = 5B635C3F1D011C98002FE3B6 /* Arya.png */; };
		5B635C511D011C98002FE3B6 /* Bad.png in Resources */ = {isa = PBXBuildFile; fileRef = 5B635C401D011C98002FE3B6 /* Bad.png */; };
		5B635C521D011C98002FE3B6 /* Catelyn.png in Resources */ = {isa = PBXBuildFile; fileRef = 5B635C411D011C98002FE3B6 /* Catelyn.png */; };
		5B635C531D011C98002FE3B6 /* Correct.png in Resources */ = {isa = PBXBuildFile; fileRef = 5B635C421D011C98002FE3B6 /* Correct.png */; };
		5B635C541D011C98002FE3B6 /* Daenerys.png in Resources */ = {isa = PBXBuildFile; fileRef = 5B635C431D011C98002FE3B6 /* Daenerys.png */; };
		5B635C551D011C98002FE3B6 /* Excelent.png in Resources */ = {isa = PBXBuildFile; fileRef = 5B635C441D011C98002FE3B6 /* Excelent.png */; };
		5B635C561D011C98002FE3B6 /* God.png in Resources */ = {isa = PBXBuildFile; fileRef = 5B635C451D011C98002FE3B6 /* God.png */; };
		5B635C571D011C98002FE3B6 /* Hound.png in Resources */ = {isa = PBXBuildFile; fileRef = 5B635C461D011C98002FE3B6 /* Hound.png */; };
		5B635C581D011C98002FE3B6 /* Jaime.png in Resources */ = {isa = PBXBuildFile; fileRef = 5B635C471D011C98002FE3B6 /* Jaime.png */; };
		5B635C591D011C98002FE3B6 /* Jojen.png in Resources */ = {isa = PBXBuildFile; fileRef = 5B635C481D011C98002FE3B6 /* Jojen.png */; };
		5B635C5A1D011C98002FE3B6 /* Jon.png in Resources */ = {isa = PBXBuildFile; fileRef = 5B635C491D011C98002FE3B6 /* Jon.png */; };
		5B635C5B1D011C98002FE3B6 /* Myrcella.png in Resources */ = {isa = PBXBuildFile; fileRef = 5B635C4A1D011C98002FE3B6 /* Myrcella.png */; };
		5B635C5C1D011C98002FE3B6 /* Samwell.png in Resources */ = {isa = PBXBuildFile; fileRef = 5B635C4B1D011C98002FE3B6 /* Samwell.png */; };
		5B635C5D1D011C98002FE3B6 /* Stannis.png in Resources */ = {isa = PBXBuildFile; fileRef = 5B635C4C1D011C98002FE3B6 /* Stannis.png */; };
		5B635C5E1D011C98002FE3B6 /* Ti.png in Resources */ = {isa = PBXBuildFile; fileRef = 5B635C4D1D011C98002FE3B6 /* Ti.png */; };
		5B635C5F1D011C98002FE3B6 /* Tyrion.png in Resources */ = {isa = PBXBuildFile; fileRef = 5B635C4E1D011C98002FE3B6 /* Tyrion.png */; };
		5B635C601D011C98002FE3B6 /* Wrong.png in Resources */ = {isa = PBXBuildFile; fileRef = 5B635C4F1D011C98002FE3B6 /* Wrong.png */; };
		5B833AC01CFFCA56008AF4FF /* main.m in Sources */ = {isa = PBXBuildFile; fileRef = 5B833ABF1CFFCA56008AF4FF /* main.m */; };
		5B833AC31CFFCA56008AF4FF /* AppDelegate.m in Sources */ = {isa = PBXBuildFile; fileRef = 5B833AC21CFFCA56008AF4FF /* AppDelegate.m */; };
		5B833AC61CFFCA56008AF4FF /* Start.m in Sources */ = {isa = PBXBuildFile; fileRef = 5B833AC51CFFCA56008AF4FF /* Start.m */; };
		5B833AC91CFFCA56008AF4FF /* Main.storyboard in Resources */ = {isa = PBXBuildFile; fileRef = 5B833AC71CFFCA56008AF4FF /* Main.storyboard */; };
		5B833ACC1CFFCA56008AF4FF /* Lab03.xcdatamodeld in Sources */ = {isa = PBXBuildFile; fileRef = 5B833ACA1CFFCA56008AF4FF /* Lab03.xcdatamodeld */; };
		5B833ACE1CFFCA56008AF4FF /* Assets.xcassets in Resources */ = {isa = PBXBuildFile; fileRef = 5B833ACD1CFFCA56008AF4FF /* Assets.xcassets */; };
		5B833AD11CFFCA56008AF4FF /* LaunchScreen.storyboard in Resources */ = {isa = PBXBuildFile; fileRef = 5B833ACF1CFFCA56008AF4FF /* LaunchScreen.storyboard */; };
		5B866A831D0148A000189139 /* ViewController2.m in Sources */ = {isa = PBXBuildFile; fileRef = 5B866A821D0148A000189139 /* ViewController2.m */; };
/* End PBXBuildFile section */

/* Begin PBXFileReference section */
		5B635C3F1D011C98002FE3B6 /* Arya.png */ = {isa = PBXFileReference; lastKnownFileType = image.png; path = Arya.png; sourceTree = "<group>"; };
		5B635C401D011C98002FE3B6 /* Bad.png */ = {isa = PBXFileReference; lastKnownFileType = image.png; path = Bad.png; sourceTree = "<group>"; };
		5B635C411D011C98002FE3B6 /* Catelyn.png */ = {isa = PBXFileReference; lastKnownFileType = image.png; path = Catelyn.png; sourceTree = "<group>"; };
		5B635C421D011C98002FE3B6 /* Correct.png */ = {isa = PBXFileReference; lastKnownFileType = image.png; path = Correct.png; sourceTree = "<group>"; };
		5B635C431D011C98002FE3B6 /* Daenerys.png */ = {isa = PBXFileReference; lastKnownFileType = image.png; path = Daenerys.png; sourceTree = "<group>"; };
		5B635C441D011C98002FE3B6 /* Excelent.png */ = {isa = PBXFileReference; lastKnownFileType = image.png; path = Excelent.png; sourceTree = "<group>"; };
		5B635C451D011C98002FE3B6 /* God.png */ = {isa = PBXFileReference; lastKnownFileType = image.png; path = God.png; sourceTree = "<group>"; };
		5B635C461D011C98002FE3B6 /* Hound.png */ = {isa = PBXFileReference; lastKnownFileType = image.png; path = Hound.png; sourceTree = "<group>"; };
		5B635C471D011C98002FE3B6 /* Jaime.png */ = {isa = PBXFileReference; lastKnownFileType = image.png; path = Jaime.png; sourceTree = "<group>"; };
		5B635C481D011C98002FE3B6 /* Jojen.png */ = {isa = PBXFileReference; lastKnownFileType = image.png; path = Jojen.png; sourceTree = "<group>"; };
		5B635C491D011C98002FE3B6 /* Jon.png */ = {isa = PBXFileReference; lastKnownFileType = image.png; path = Jon.png; sourceTree = "<group>"; };
		5B635C4A1D011C98002FE3B6 /* Myrcella.png */ = {isa = PBXFileReference; lastKnownFileType = image.png; path = Myrcella.png; sourceTree = "<group>"; };
		5B635C4B1D011C98002FE3B6 /* Samwell.png */ = {isa = PBXFileReference; lastKnownFileType = image.png; path = Samwell.png; sourceTree = "<group>"; };
		5B635C4C1D011C98002FE3B6 /* Stannis.png */ = {isa = PBXFileReference; lastKnownFileType = image.png; path = Stannis.png; sourceTree = "<group>"; };
		5B635C4D1D011C98002FE3B6 /* Ti.png */ = {isa = PBXFileReference; lastKnownFileType = image.png; path = Ti.png; sourceTree = "<group>"; };
		5B635C4E1D011C98002FE3B6 /* Tyrion.png */ = {isa = PBXFileReference; lastKnownFileType = image.png; path = Tyrion.png; sourceTree = "<group>"; };
		5B635C4F1D011C98002FE3B6 /* Wrong.png */ = {isa = PBXFileReference; lastKnownFileType = image.png; path = Wrong.png; sourceTree = "<group>"; };
		5B833ABB1CFFCA56008AF4FF /* Lab03.app */ = {isa = PBXFileReference; explicitFileType = wrapper.application; includeInIndex = 0; path = Lab03.app; sourceTree = BUILT_PRODUCTS_DIR; };
		5B833ABF1CFFCA56008AF4FF /* main.m */ = {isa = PBXFileReference; lastKnownFileType = sourcecode.c.objc; path = main.m; sourceTree = "<group>"; };
		5B833AC11CFFCA56008AF4FF /* AppDelegate.h */ = {isa = PBXFileReference; lastKnownFileType = sourcecode.c.h; path = AppDelegate.h; sourceTree = "<group>"; };
		5B833AC21CFFCA56008AF4FF /* AppDelegate.m */ = {isa = PBXFileReference; lastKnownFileType = sourcecode.c.objc; path = AppDelegate.m; sourceTree = "<group>"; };
		5B833AC41CFFCA56008AF4FF /* Start.h */ = {isa = PBXFileReference; lastKnownFileType = sourcecode.c.h; path = Start.h; sourceTree = "<group>"; };
		5B833AC51CFFCA56008AF4FF /* Start.m */ = {isa = PBXFileReference; lastKnownFileType = sourcecode.c.objc; path = Start.m; sourceTree = "<group>"; };
		5B833AC81CFFCA56008AF4FF /* Base */ = {isa = PBXFileReference; lastKnownFileType = file.storyboard; name = Base; path = Base.lproj/Main.storyboard; sourceTree = "<group>"; };
		5B833ACB1CFFCA56008AF4FF /* Lab03.xcdatamodel */ = {isa = PBXFileReference; lastKnownFileType = wrapper.xcdatamodel; path = Lab03.xcdatamodel; sourceTree = "<group>"; };
		5B833ACD1CFFCA56008AF4FF /* Assets.xcassets */ = {isa = PBXFileReference; lastKnownFileType = folder.assetcatalog; path = Assets.xcassets; sourceTree = "<group>"; };
		5B833AD01CFFCA56008AF4FF /* Base */ = {isa = PBXFileReference; lastKnownFileType = file.storyboard; name = Base; path = Base.lproj/LaunchScreen.storyboard; sourceTree = "<group>"; };
		5B833AD21CFFCA56008AF4FF /* Info.plist */ = {isa = PBXFileReference; lastKnownFileType = text.plist.xml; path = Info.plist; sourceTree = "<group>"; };
		5B866A811D0148A000189139 /* ViewController2.h */ = {isa = PBXFileReference; fileEncoding = 4; lastKnownFileType = sourcecode.c.h; path = ViewController2.h; sourceTree = "<group>"; };
		5B866A821D0148A000189139 /* ViewController2.m */ = {isa = PBXFileReference; fileEncoding = 4; lastKnownFileType = sourcecode.c.objc; path = ViewController2.m; sourceTree = "<group>"; };
		5B866A841D01BAC700189139 /* Golabal_Vars.h */ = {isa = PBXFileReference; lastKnownFileType = sourcecode.c.h; path = Golabal_Vars.h; sourceTree = "<group>"; };
/* End PBXFileReference section */

/* Begin PBXFrameworksBuildPhase section */
		5B833AB81CFFCA56008AF4FF /* Frameworks */ = {
			isa = PBXFrameworksBuildPhase;
			buildActionMask = 2147483647;
			files = (
			);
			runOnlyForDeploymentPostprocessing = 0;
		};
/* End PBXFrameworksBuildPhase section */

/* Begin PBXGroup section */
		5B635C3E1D011C98002FE3B6 /* Imgs */ = {
			isa = PBXGroup;
			children = (
				5B635C3F1D011C98002FE3B6 /* Arya.png */,
				5B635C401D011C98002FE3B6 /* Bad.png */,
				5B635C411D011C98002FE3B6 /* Catelyn.png */,
				5B635C421D011C98002FE3B6 /* Correct.png */,
				5B635C431D011C98002FE3B6 /* Daenerys.png */,
				5B635C441D011C98002FE3B6 /* Excelent.png */,
				5B635C451D011C98002FE3B6 /* God.png */,
				5B635C461D011C98002FE3B6 /* Hound.png */,
				5B635C471D011C98002FE3B6 /* Jaime.png */,
				5B635C481D011C98002FE3B6 /* Jojen.png */,
				5B635C491D011C98002FE3B6 /* Jon.png */,
				5B635C4A1D011C98002FE3B6 /* Myrcella.png */,
				5B635C4B1D011C98002FE3B6 /* Samwell.png */,
				5B635C4C1D011C98002FE3B6 /* Stannis.png */,
				5B635C4D1D011C98002FE3B6 /* Ti.png */,
				5B635C4E1D011C98002FE3B6 /* Tyrion.png */,
				5B635C4F1D011C98002FE3B6 /* Wrong.png */,
			);
			path = Imgs;
			sourceTree = "<group>";
		};
		5B833AB21CFFCA56008AF4FF = {
			isa = PBXGroup;
			children = (
				5B833ABD1CFFCA56008AF4FF /* Lab03 */,
				5B833ABC1CFFCA56008AF4FF /* Products */,
			);
			sourceTree = "<group>";
		};
		5B833ABC1CFFCA56008AF4FF /* Products */ = {
			isa = PBXGroup;
			children = (
				5B833ABB1CFFCA56008AF4FF /* Lab03.app */,
			);
			name = Products;
			sourceTree = "<group>";
		};
		5B833ABD1CFFCA56008AF4FF /* Lab03 */ = {
			isa = PBXGroup;
			children = (
				5B866A7D1D01414600189139 /* Window_2 */,
				5B635C3E1D011C98002FE3B6 /* Imgs */,
				5B833AD91CFFCAC3008AF4FF /* Controllers */,
				5B833AD81CFFCAB3008AF4FF /* Main */,
				5B833AC71CFFCA56008AF4FF /* Main.storyboard */,
				5B833ACD1CFFCA56008AF4FF /* Assets.xcassets */,
				5B833ACF1CFFCA56008AF4FF /* LaunchScreen.storyboard */,
				5B833AD21CFFCA56008AF4FF /* Info.plist */,
				5B833ACA1CFFCA56008AF4FF /* Lab03.xcdatamodeld */,
				5B833ABE1CFFCA56008AF4FF /* Supporting Files */,
				5B866A841D01BAC700189139 /* Golabal_Vars.h */,
			);
			path = Lab03;
			sourceTree = "<group>";
		};
		5B833ABE1CFFCA56008AF4FF /* Supporting Files */ = {
			isa = PBXGroup;
			children = (
				5B833ABF1CFFCA56008AF4FF /* main.m */,
			);
			name = "Supporting Files";
			sourceTree = "<group>";
		};
		5B833AD81CFFCAB3008AF4FF /* Main */ = {
			isa = PBXGroup;
			children = (
				5B833AC11CFFCA56008AF4FF /* AppDelegate.h */,
				5B833AC21CFFCA56008AF4FF /* AppDelegate.m */,
			);
			name = Main;
			sourceTree = "<group>";
		};
		5B833AD91CFFCAC3008AF4FF /* Controllers */ = {
			isa = PBXGroup;
			children = (
				5B833AC41CFFCA56008AF4FF /* Start.h */,
				5B833AC51CFFCA56008AF4FF /* Start.m */,
			);
			name = Controllers;
			sourceTree = "<group>";
		};
		5B866A7D1D01414600189139 /* Window_2 */ = {
			isa = PBXGroup;
			children = (
				5B866A811D0148A000189139 /* ViewController2.h */,
				5B866A821D0148A000189139 /* ViewController2.m */,
			);
			name = Window_2;
			sourceTree = "<group>";
		};
/* End PBXGroup section */

/* Begin PBXNativeTarget section */
		5B833ABA1CFFCA56008AF4FF /* Lab03 */ = {
			isa = PBXNativeTarget;
			buildConfigurationList = 5B833AD51CFFCA56008AF4FF /* Build configuration list for PBXNativeTarget "Lab03" */;
			buildPhases = (
				5B833AB71CFFCA56008AF4FF /* Sources */,
				5B833AB81CFFCA56008AF4FF /* Frameworks */,
				5B833AB91CFFCA56008AF4FF /* Resources */,
			);
			buildRules = (
			);
			dependencies = (
			);
			name = Lab03;
			productName = Lab03;
			productReference = 5B833ABB1CFFCA56008AF4FF /* Lab03.app */;
			productType = "com.apple.product-type.application";
		};
/* End PBXNativeTarget section */

/* Begin PBXProject section */
		5B833AB31CFFCA56008AF4FF /* Project object */ = {
			isa = PBXProject;
			attributes = {
				LastUpgradeCheck = 0730;
				ORGANIZATIONNAME = MartinLP;
				TargetAttributes = {
					5B833ABA1CFFCA56008AF4FF = {
						CreatedOnToolsVersion = 7.3.1;
					};
				};
			};
			buildConfigurationList = 5B833AB61CFFCA56008AF4FF /* Build configuration list for PBXProject "Lab03" */;
			compatibilityVersion = "Xcode 3.2";
			developmentRegion = English;
			hasScannedForEncodings = 0;
			knownRegions = (
				en,
				Base,
			);
			mainGroup = 5B833AB21CFFCA56008AF4FF;
			productRefGroup = 5B833ABC1CFFCA56008AF4FF /* Products */;
			projectDirPath = "";
			projectRoot = "";
			targets = (
				5B833ABA1CFFCA56008AF4FF /* Lab03 */,
			);
		};
/* End PBXProject section */

/* Begin PBXResourcesBuildPhase section */
		5B833AB91CFFCA56008AF4FF /* Resources */ = {
			isa = PBXResourcesBuildPhase;
			buildActionMask = 2147483647;
			files = (
				5B635C571D011C98002FE3B6 /* Hound.png in Resources */,
				5B635C561D011C98002FE3B6 /* God.png in Resources */,
				5B635C551D011C98002FE3B6 /* Excelent.png in Resources */,
				5B635C5C1D011C98002FE3B6 /* Samwell.png in Resources */,
				5B635C521D011C98002FE3B6 /* Catelyn.png in Resources */,
				5B635C5D1D011C98002FE3B6 /* Stannis.png in Resources */,
				5B635C501D011C98002FE3B6 /* Arya.png in Resources */,
				5B635C541D011C98002FE3B6 /* Daenerys.png in Resources */,
				5B833AD11CFFCA56008AF4FF /* LaunchScreen.storyboard in Resources */,
				5B833ACE1CFFCA56008AF4FF /* Assets.xcassets in Resources */,
				5B635C591D011C98002FE3B6 /* Jojen.png in Resources */,
				5B635C531D011C98002FE3B6 /* Correct.png in Resources */,
				5B635C511D011C98002FE3B6 /* Bad.png in Resources */,
				5B635C581D011C98002FE3B6 /* Jaime.png in Resources */,
				5B833AC91CFFCA56008AF4FF /* Main.storyboard in Resources */,
				5B635C5F1D011C98002FE3B6 /* Tyrion.png in Resources */,
				5B635C5A1D011C98002FE3B6 /* Jon.png in Resources */,
				5B635C601D011C98002FE3B6 /* Wrong.png in Resources */,
				5B635C5E1D011C98002FE3B6 /* Ti.png in Resources */,
				5B635C5B1D011C98002FE3B6 /* Myrcella.png in Resources */,
			);
			runOnlyForDeploymentPostprocessing = 0;
		};
/* End PBXResourcesBuildPhase section */

/* Begin PBXSourcesBuildPhase section */
		5B833AB71CFFCA56008AF4FF /* Sources */ = {
			isa = PBXSourcesBuildPhase;
			buildActionMask = 2147483647;
			files = (
				5B833ACC1CFFCA56008AF4FF /* Lab03.xcdatamodeld in Sources */,
				5B833AC61CFFCA56008AF4FF /* Start.m in Sources */,
				5B866A831D0148A000189139 /* ViewController2.m in Sources */,
				5B833AC31CFFCA56008AF4FF /* AppDelegate.m in Sources */,
				5B833AC01CFFCA56008AF4FF /* main.m in Sources */,
			);
			runOnlyForDeploymentPostprocessing = 0;
		};
/* End PBXSourcesBuildPhase section */

/* Begin PBXVariantGroup section */
		5B833AC71CFFCA56008AF4FF /* Main.storyboard */ = {
			isa = PBXVariantGroup;
			children = (
				5B833AC81CFFCA56008AF4FF /* Base */,
			);
			name = Main.storyboard;
			sourceTree = "<group>";
		};
		5B833ACF1CFFCA56008AF4FF /* LaunchScreen.storyboard */ = {
			isa = PBXVariantGroup;
			children = (
				5B833AD01CFFCA56008AF4FF /* Base */,
			);
			name = LaunchScreen.storyboard;
			sourceTree = "<group>";
		};
/* End PBXVariantGroup section */

/* Begin XCBuildConfiguration section */
		5B833AD31CFFCA56008AF4FF /* Debug */ = {
			isa = XCBuildConfiguration;
			buildSettings = {
				ALWAYS_SEARCH_USER_PATHS = NO;
				CLANG_ANALYZER_NONNULL = YES;
				CLANG_CXX_LANGUAGE_STANDARD = "gnu++0x";
				CLANG_CXX_LIBRARY = "libc++";
				CLANG_ENABLE_MODULES = YES;
				CLANG_ENABLE_OBJC_ARC = YES;
				CLANG_WARN_BOOL_CONVERSION = YES;
				CLANG_WARN_CONSTANT_CONVERSION = YES;
				CLANG_WARN_DIRECT_OBJC_ISA_USAGE = YES_ERROR;
				CLANG_WARN_EMPTY_BODY = YES;
				CLANG_WARN_ENUM_CONVERSION = YES;
				CLANG_WARN_INT_CONVERSION = YES;
				CLANG_WARN_OBJC_ROOT_CLASS = YES_ERROR;
				CLANG_WARN_UNREACHABLE_CODE = YES;
				CLANG_WARN__DUPLICATE_METHOD_MATCH = YES;
				"CODE_SIGN_IDENTITY[sdk=iphoneos*]" = "iPhone Developer";
				COPY_PHASE_STRIP = NO;
				DEBUG_INFORMATION_FORMAT = dwarf;
				ENABLE_STRICT_OBJC_MSGSEND = YES;
				ENABLE_TESTABILITY = YES;
				GCC_C_LANGUAGE_STANDARD = gnu99;
				GCC_DYNAMIC_NO_PIC = NO;
				GCC_NO_COMMON_BLOCKS = YES;
				GCC_OPTIMIZATION_LEVEL = 0;
				GCC_PREPROCESSOR_DEFINITIONS = (
					"DEBUG=1",
					"$(inherited)",
				);
				GCC_WARN_64_TO_32_BIT_CONVERSION = YES;
				GCC_WARN_ABOUT_RETURN_TYPE = YES_ERROR;
				GCC_WARN_UNDECLARED_SELECTOR = YES;
				GCC_WARN_UNINITIALIZED_AUTOS = YES_AGGRESSIVE;
				GCC_WARN_UNUSED_FUNCTION = YES;
				GCC_WARN_UNUSED_VARIABLE = YES;
				IPHONEOS_DEPLOYMENT_TARGET = 9.3;
				MTL_ENABLE_DEBUG_INFO = YES;
				ONLY_ACTIVE_ARCH = YES;
				SDKROOT = iphoneos;
			};
			name = Debug;
		};
		5B833AD41CFFCA56008AF4FF /* Release */ = {
			isa = XCBuildConfiguration;
			buildSettings = {
				ALWAYS_SEARCH_USER_PATHS = NO;
				CLANG_ANALYZER_NONNULL = YES;
				CLANG_CXX_LANGUAGE_STANDARD = "gnu++0x";
				CLANG_CXX_LIBRARY = "libc++";
				CLANG_ENABLE_MODULES = YES;
				CLANG_ENABLE_OBJC_ARC = YES;
				CLANG_WARN_BOOL_CONVERSION = YES;
				CLANG_WARN_CONSTANT_CONVERSION = YES;
				CLANG_WARN_DIRECT_OBJC_ISA_USAGE = YES_ERROR;
				CLANG_WARN_EMPTY_BODY = YES;
				CLANG_WARN_ENUM_CONVERSION = YES;
				CLANG_WARN_INT_CONVERSION = YES;
				CLANG_WARN_OBJC_ROOT_CLASS = YES_ERROR;
				CLANG_WARN_UNREACHABLE_CODE = YES;
				CLANG_WARN__DUPLICATE_METHOD_MATCH = YES;
				"CODE_SIGN_IDENTITY[sdk=iphoneos*]" = "iPhone Developer";
				COPY_PHASE_STRIP = NO;
				DEBUG_INFORMATION_FORMAT = "dwarf-with-dsym";
				ENABLE_NS_ASSERTIONS = NO;
				ENABLE_STRICT_OBJC_MSGSEND = YES;
				GCC_C_LANGUAGE_STANDARD = gnu99;
				GCC_NO_COMMON_BLOCKS = YES;
				GCC_WARN_64_TO_32_BIT_CONVERSION = YES;
				GCC_WARN_ABOUT_RETURN_TYPE = YES_ERROR;
				GCC_WARN_UNDECLARED_SELECTOR = YES;
				GCC_WARN_UNINITIALIZED_AUTOS = YES_AGGRESSIVE;
				GCC_WARN_UNUSED_FUNCTION = YES;
				GCC_WARN_UNUSED_VARIABLE = YES;
				IPHONEOS_DEPLOYMENT_TARGET = 9.3;
				MTL_ENABLE_DEBUG_INFO = NO;
				SDKROOT = iphoneos;
				VALIDATE_PRODUCT = YES;
			};
			name = Release;
		};
		5B833AD61CFFCA56008AF4FF /* Debug */ = {
			isa = XCBuildConfiguration;
			buildSettings = {
				ASSETCATALOG_COMPILER_APPICON_NAME = AppIcon;
				INFOPLIST_FILE = Lab03/Info.plist;
				IPHONEOS_DEPLOYMENT_TARGET = 8.1;
				LD_RUNPATH_SEARCH_PATHS = "$(inherited) @executable_path/Frameworks";
				PRODUCT_BUNDLE_IDENTIFIER = com.MartinLP.Lab03;
				PRODUCT_NAME = "$(TARGET_NAME)";
			};
			name = Debug;
		};
		5B833AD71CFFCA56008AF4FF /* Release */ = {
			isa = XCBuildConfiguration;
			buildSettings = {
				ASSETCATALOG_COMPILER_APPICON_NAME = AppIcon;
				INFOPLIST_FILE = Lab03/Info.plist;
				IPHONEOS_DEPLOYMENT_TARGET = 8.1;
				LD_RUNPATH_SEARCH_PATHS = "$(inherited) @executable_path/Frameworks";
				PRODUCT_BUNDLE_IDENTIFIER = com.MartinLP.Lab03;
				PRODUCT_NAME = "$(TARGET_NAME)";
			};
			name = Release;
		};
/* End XCBuildConfiguration section */

/* Begin XCConfigurationList section */
		5B833AB61CFFCA56008AF4FF /* Build configuration list for PBXProject "Lab03" */ = {
			isa = XCConfigurationList;
			buildConfigurations = (
				5B833AD31CFFCA56008AF4FF /* Debug */,
				5B833AD41CFFCA56008AF4FF /* Release */,
			);
			defaultConfigurationIsVisible = 0;
			defaultConfigurationName = Release;
		};
		5B833AD51CFFCA56008AF4FF /* Build configuration list for PBXNativeTarget "Lab03" */ = {
			isa = XCConfigurationList;
			buildConfigurations = (
				5B833AD61CFFCA56008AF4FF /* Debug */,
				5B833AD71CFFCA56008AF4FF /* Release */,
			);
			defaultConfigurationIsVisible = 0;
			defaultConfigurationName = Release;
		};
/* End XCConfigurationList section */

/* Begin XCVersionGroup section */
		5B833ACA1CFFCA56008AF4FF /* Lab03.xcdatamodeld */ = {
			isa = XCVersionGroup;
			children = (
				5B833ACB1CFFCA56008AF4FF /* Lab03.xcdatamodel */,
			);
			currentVersion = 5B833ACB1CFFCA56008AF4FF /* Lab03.xcdatamodel */;
			path = Lab03.xcdatamodeld;
			sourceTree = "<group>";
			versionGroupType = wrapper.xcdatamodel;
		};
/* End XCVersionGroup section */
	};
	rootObject = 5B833AB31CFFCA56008AF4FF /* Project object */;
}
